// !$*UTF8*$!
{
	archiveVersion = 1;
	classes = {
	};
	objectVersion = 46;
	objects = {

/* Begin PBXBuildFile section */
		A287407B1998A30400DC9655 /* Foundation.framework in Frameworks */ = {isa = PBXBuildFile; fileRef = A287407A1998A30400DC9655 /* Foundation.framework */; };
		A287407D1998A30500DC9655 /* CoreGraphics.framework in Frameworks */ = {isa = PBXBuildFile; fileRef = A287407C1998A30500DC9655 /* CoreGraphics.framework */; };
		A287407F1998A30500DC9655 /* UIKit.framework in Frameworks */ = {isa = PBXBuildFile; fileRef = A287407E1998A30500DC9655 /* UIKit.framework */; };
		A28740851998A30500DC9655 /* InfoPlist.strings in Resources */ = {isa = PBXBuildFile; fileRef = A28740831998A30500DC9655 /* InfoPlist.strings */; };
		A28740871998A30500DC9655 /* main.m in Sources */ = {isa = PBXBuildFile; fileRef = A28740861998A30500DC9655 /* main.m */; };
		A287408B1998A30500DC9655 /* ALAppDelegate.m in Sources */ = {isa = PBXBuildFile; fileRef = A287408A1998A30500DC9655 /* ALAppDelegate.m */; };
		A287408E1998A30500DC9655 /* Main.storyboard in Resources */ = {isa = PBXBuildFile; fileRef = A287408C1998A30500DC9655 /* Main.storyboard */; };
		A287409A1998A30500DC9655 /* XCTest.framework in Frameworks */ = {isa = PBXBuildFile; fileRef = A28740991998A30500DC9655 /* XCTest.framework */; };
		A287409B1998A30500DC9655 /* Foundation.framework in Frameworks */ = {isa = PBXBuildFile; fileRef = A287407A1998A30400DC9655 /* Foundation.framework */; };
		A287409C1998A30500DC9655 /* UIKit.framework in Frameworks */ = {isa = PBXBuildFile; fileRef = A287407E1998A30500DC9655 /* UIKit.framework */; };
		A28740A41998A30500DC9655 /* InfoPlist.strings in Resources */ = {isa = PBXBuildFile; fileRef = A28740A21998A30500DC9655 /* InfoPlist.strings */; };
		A28740A61998A30500DC9655 /* AppLocateTests.m in Sources */ = {isa = PBXBuildFile; fileRef = A28740A51998A30500DC9655 /* AppLocateTests.m */; };
		A28740B81998A39200DC9655 /* ALBaseViewController.m in Sources */ = {isa = PBXBuildFile; fileRef = A28740B71998A39200DC9655 /* ALBaseViewController.m */; };
		A28740BB1998A3C000DC9655 /* ALBaseModel.m in Sources */ = {isa = PBXBuildFile; fileRef = A28740BA1998A3C000DC9655 /* ALBaseModel.m */; };
		A2C2DA2E19AD74150011BCBF /* icon.png in Resources */ = {isa = PBXBuildFile; fileRef = A2C2DA2D19AD74150011BCBF /* icon.png */; };
		A2C2DA3019AD745A0011BCBF /* ALImage.xcassets in Resources */ = {isa = PBXBuildFile; fileRef = A2C2DA2F19AD745A0011BCBF /* ALImage.xcassets */; };
		A2C2DA3319AD763D0011BCBF /* 2.jpg in Resources */ = {isa = PBXBuildFile; fileRef = A2C2DA3119AD763D0011BCBF /* 2.jpg */; };
		A2C2DA3419AD763D0011BCBF /* 1.jpg in Resources */ = {isa = PBXBuildFile; fileRef = A2C2DA3219AD763D0011BCBF /* 1.jpg */; };
		A2C2DA3619AD76970011BCBF /* 3.jpg in Resources */ = {isa = PBXBuildFile; fileRef = A2C2DA3519AD76970011BCBF /* 3.jpg */; };
		D72AAB921998AA4E009EFBC0 /* ALMainViewController.m in Sources */ = {isa = PBXBuildFile; fileRef = D72AAB911998AA4E009EFBC0 /* ALMainViewController.m */; };
		D72AABEA1998B080009EFBC0 /* ALLeftViewController.m in Sources */ = {isa = PBXBuildFile; fileRef = D72AABE91998B080009EFBC0 /* ALLeftViewController.m */; };
		D72AABEF1998C468009EFBC0 /* ALDetailViewController.m in Sources */ = {isa = PBXBuildFile; fileRef = D72AABEE1998C468009EFBC0 /* ALDetailViewController.m */; };
		D72AAC041998D004009EFBC0 /* bg_dowm.png in Resources */ = {isa = PBXBuildFile; fileRef = D72AABF31998D004009EFBC0 /* bg_dowm.png */; };
		D72AAC061998D004009EFBC0 /* btn_back.png in Resources */ = {isa = PBXBuildFile; fileRef = D72AABF51998D004009EFBC0 /* btn_back.png */; };
		D72AAC071998D004009EFBC0 /* btn_dowm@2x.png in Resources */ = {isa = PBXBuildFile; fileRef = D72AABF61998D004009EFBC0 /* btn_dowm@2x.png */; };
		D72AAC081998D004009EFBC0 /* btn_favorite.png in Resources */ = {isa = PBXBuildFile; fileRef = D72AABF71998D004009EFBC0 /* btn_favorite.png */; };
		D72AAC091998D004009EFBC0 /* btn_list.png in Resources */ = {isa = PBXBuildFile; fileRef = D72AABF81998D004009EFBC0 /* btn_list.png */; };
		D72AAC0A1998D004009EFBC0 /* btn_nav.png in Resources */ = {isa = PBXBuildFile; fileRef = D72AABF91998D004009EFBC0 /* btn_nav.png */; };
		D72AAC0B1998D004009EFBC0 /* btn_right_fav.png in Resources */ = {isa = PBXBuildFile; fileRef = D72AABFA1998D004009EFBC0 /* btn_right_fav.png */; };
		D72AAC0C1998D004009EFBC0 /* btn_right_list.png in Resources */ = {isa = PBXBuildFile; fileRef = D72AABFB1998D004009EFBC0 /* btn_right_list.png */; };
		D72AAC0D1998D004009EFBC0 /* btn_right_share.png in Resources */ = {isa = PBXBuildFile; fileRef = D72AABFC1998D004009EFBC0 /* btn_right_share.png */; };
		D72AAC0E1998D004009EFBC0 /* btn_search.png in Resources */ = {isa = PBXBuildFile; fileRef = D72AABFD1998D004009EFBC0 /* btn_search.png */; };
		D72AAC0F1998D004009EFBC0 /* btn_setting.png in Resources */ = {isa = PBXBuildFile; fileRef = D72AABFE1998D004009EFBC0 /* btn_setting.png */; };
		D72AAC101998D004009EFBC0 /* btn_up@2x.png in Resources */ = {isa = PBXBuildFile; fileRef = D72AABFF1998D004009EFBC0 /* btn_up@2x.png */; };
		D72AAC111998D004009EFBC0 /* pic_default@2x.png in Resources */ = {isa = PBXBuildFile; fileRef = D72AAC001998D004009EFBC0 /* pic_default@2x.png */; };
		D72AAC1B1998D417009EFBC0 /* ALGoodsListViewController.m in Sources */ = {isa = PBXBuildFile; fileRef = D72AAC1A1998D417009EFBC0 /* ALGoodsListViewController.m */; };
		D7827BF1199DB6A600E17926 /* CoreBluetooth.framework in Frameworks */ = {isa = PBXBuildFile; fileRef = D7827BF0199DB6A600E17926 /* CoreBluetooth.framework */; };
		D7827BF3199DB6B400E17926 /* CoreLocation.framework in Frameworks */ = {isa = PBXBuildFile; fileRef = D7827BF2199DB6B400E17926 /* CoreLocation.framework */; };
		D7827BF6199DB73100E17926 /* APLDefaults.m in Sources */ = {isa = PBXBuildFile; fileRef = D7827BF5199DB73100E17926 /* APLDefaults.m */; };
		D7827BF9199DD15300E17926 /* ALLocateViewController.m in Sources */ = {isa = PBXBuildFile; fileRef = D7827BF8199DD15300E17926 /* ALLocateViewController.m */; };
		D7827BFF199DF42E00E17926 /* UUIDPlist.plist in Resources */ = {isa = PBXBuildFile; fileRef = D7827BFE199DF42E00E17926 /* UUIDPlist.plist */; };
		D7BB2EBD199AF95400F03CCD /* ibeacon搜索.jpg in Resources */ = {isa = PBXBuildFile; fileRef = D7BB2EBC199AF95400F03CCD /* ibeacon搜索.jpg */; };
		D7BB2EC7199B553000F03CCD /* 店铺缩略图.png in Resources */ = {isa = PBXBuildFile; fileRef = D7BB2EC6199B553000F03CCD /* 店铺缩略图.png */; };
		D7BB2EC9199B553500F03CCD /* 店铺弹出消息.png in Resources */ = {isa = PBXBuildFile; fileRef = D7BB2EC8199B553500F03CCD /* 店铺弹出消息.png */; };
		D7BB2ED1199B736700F03CCD /* ALGoodsListTableViewCell.m in Sources */ = {isa = PBXBuildFile; fileRef = D7BB2ED0199B736700F03CCD /* ALGoodsListTableViewCell.m */; };
		D7D483CE199C461000223DF1 /* ALGoodsListTableViewCell.xib in Resources */ = {isa = PBXBuildFile; fileRef = D7D483CD199C461000223DF1 /* ALGoodsListTableViewCell.xib */; };
		D7D483D2199C53EA00223DF1 /* 1.png in Resources */ = {isa = PBXBuildFile; fileRef = D7D483D1199C53EA00223DF1 /* 1.png */; };
		D7D483D8199C591B00223DF1 /* CycleScrollView.m in Sources */ = {isa = PBXBuildFile; fileRef = D7D483D7199C591B00223DF1 /* CycleScrollView.m */; };
		D7D483DF199C60F200223DF1 /* image1.png in Resources */ = {isa = PBXBuildFile; fileRef = D7D483DD199C60F200223DF1 /* image1.png */; };
		D7D483E0199C60F200223DF1 /* image2.png in Resources */ = {isa = PBXBuildFile; fileRef = D7D483DE199C60F200223DF1 /* image2.png */; };
		D7D483E8199C7B1C00223DF1 /* UIViewExt.m in Sources */ = {isa = PBXBuildFile; fileRef = D7D483E7199C7B1C00223DF1 /* UIViewExt.m */; };
		D7D483EC199C7F8E00223DF1 /* ALSettingViewController.m in Sources */ = {isa = PBXBuildFile; fileRef = D7D483EB199C7F8E00223DF1 /* ALSettingViewController.m */; };
		D7D483EF199C98BC00223DF1 /* NSTimer+Addition.m in Sources */ = {isa = PBXBuildFile; fileRef = D7D483EE199C98BC00223DF1 /* NSTimer+Addition.m */; };
		D7D483F2199CAB2E00223DF1 /* ALCollectViewController.m in Sources */ = {isa = PBXBuildFile; fileRef = D7D483F1199CAB2E00223DF1 /* ALCollectViewController.m */; };
		D7D483F7199CB04100223DF1 /* ALCollectViewCell.xib in Resources */ = {isa = PBXBuildFile; fileRef = D7D483F6199CB04100223DF1 /* ALCollectViewCell.xib */; };
		D7D483FA199CB66000223DF1 /* ALCollectViewCell.m in Sources */ = {isa = PBXBuildFile; fileRef = D7D483F9199CB66000223DF1 /* ALCollectViewCell.m */; };
<<<<<<< HEAD
		D7E6A138199A143600E40536 /* 3.jpg in Resources */ = {isa = PBXBuildFile; fileRef = D7E6A137199A143600E40536 /* 3.jpg */; };
=======
		D7E6A1361999D9E200E40536 /* ALToolBarView.m in Sources */ = {isa = PBXBuildFile; fileRef = D7E6A1351999D9E200E40536 /* ALToolBarView.m */; };
>>>>>>> FETCH_HEAD
/* End PBXBuildFile section */

/* Begin PBXContainerItemProxy section */
		A287409D1998A30500DC9655 /* PBXContainerItemProxy */ = {
			isa = PBXContainerItemProxy;
			containerPortal = A287406F1998A30400DC9655 /* Project object */;
			proxyType = 1;
			remoteGlobalIDString = A28740761998A30400DC9655;
			remoteInfo = AppLocate;
		};
/* End PBXContainerItemProxy section */

/* Begin PBXFileReference section */
		A28740771998A30400DC9655 /* AppLocate.app */ = {isa = PBXFileReference; explicitFileType = wrapper.application; includeInIndex = 0; path = AppLocate.app; sourceTree = BUILT_PRODUCTS_DIR; };
		A287407A1998A30400DC9655 /* Foundation.framework */ = {isa = PBXFileReference; lastKnownFileType = wrapper.framework; name = Foundation.framework; path = System/Library/Frameworks/Foundation.framework; sourceTree = SDKROOT; };
		A287407C1998A30500DC9655 /* CoreGraphics.framework */ = {isa = PBXFileReference; lastKnownFileType = wrapper.framework; name = CoreGraphics.framework; path = System/Library/Frameworks/CoreGraphics.framework; sourceTree = SDKROOT; };
		A287407E1998A30500DC9655 /* UIKit.framework */ = {isa = PBXFileReference; lastKnownFileType = wrapper.framework; name = UIKit.framework; path = System/Library/Frameworks/UIKit.framework; sourceTree = SDKROOT; };
		A28740821998A30500DC9655 /* AppLocate-Info.plist */ = {isa = PBXFileReference; lastKnownFileType = text.plist.xml; path = "AppLocate-Info.plist"; sourceTree = "<group>"; };
		A28740841998A30500DC9655 /* en */ = {isa = PBXFileReference; lastKnownFileType = text.plist.strings; name = en; path = en.lproj/InfoPlist.strings; sourceTree = "<group>"; };
		A28740861998A30500DC9655 /* main.m */ = {isa = PBXFileReference; lastKnownFileType = sourcecode.c.objc; path = main.m; sourceTree = "<group>"; };
		A28740881998A30500DC9655 /* AppLocate-Prefix.pch */ = {isa = PBXFileReference; lastKnownFileType = sourcecode.c.h; path = "AppLocate-Prefix.pch"; sourceTree = "<group>"; };
		A28740891998A30500DC9655 /* ALAppDelegate.h */ = {isa = PBXFileReference; lastKnownFileType = sourcecode.c.h; path = ALAppDelegate.h; sourceTree = "<group>"; };
		A287408A1998A30500DC9655 /* ALAppDelegate.m */ = {isa = PBXFileReference; lastKnownFileType = sourcecode.c.objc; path = ALAppDelegate.m; sourceTree = "<group>"; };
		A287408D1998A30500DC9655 /* Base */ = {isa = PBXFileReference; lastKnownFileType = file.storyboard; name = Base; path = Base.lproj/Main.storyboard; sourceTree = "<group>"; };
		A28740981998A30500DC9655 /* AppLocateTests.xctest */ = {isa = PBXFileReference; explicitFileType = wrapper.cfbundle; includeInIndex = 0; path = AppLocateTests.xctest; sourceTree = BUILT_PRODUCTS_DIR; };
		A28740991998A30500DC9655 /* XCTest.framework */ = {isa = PBXFileReference; lastKnownFileType = wrapper.framework; name = XCTest.framework; path = Library/Frameworks/XCTest.framework; sourceTree = DEVELOPER_DIR; };
		A28740A11998A30500DC9655 /* AppLocateTests-Info.plist */ = {isa = PBXFileReference; lastKnownFileType = text.plist.xml; path = "AppLocateTests-Info.plist"; sourceTree = "<group>"; };
		A28740A31998A30500DC9655 /* en */ = {isa = PBXFileReference; lastKnownFileType = text.plist.strings; name = en; path = en.lproj/InfoPlist.strings; sourceTree = "<group>"; };
		A28740A51998A30500DC9655 /* AppLocateTests.m */ = {isa = PBXFileReference; lastKnownFileType = sourcecode.c.objc; path = AppLocateTests.m; sourceTree = "<group>"; };
		A28740B61998A39200DC9655 /* ALBaseViewController.h */ = {isa = PBXFileReference; fileEncoding = 4; lastKnownFileType = sourcecode.c.h; path = ALBaseViewController.h; sourceTree = "<group>"; };
		A28740B71998A39200DC9655 /* ALBaseViewController.m */ = {isa = PBXFileReference; fileEncoding = 4; lastKnownFileType = sourcecode.c.objc; path = ALBaseViewController.m; sourceTree = "<group>"; };
		A28740B91998A3C000DC9655 /* ALBaseModel.h */ = {isa = PBXFileReference; fileEncoding = 4; lastKnownFileType = sourcecode.c.h; path = ALBaseModel.h; sourceTree = "<group>"; };
		A28740BA1998A3C000DC9655 /* ALBaseModel.m */ = {isa = PBXFileReference; fileEncoding = 4; lastKnownFileType = sourcecode.c.objc; path = ALBaseModel.m; sourceTree = "<group>"; };
		A2C2DA2D19AD74150011BCBF /* icon.png */ = {isa = PBXFileReference; lastKnownFileType = image.png; path = icon.png; sourceTree = "<group>"; };
		A2C2DA2F19AD745A0011BCBF /* ALImage.xcassets */ = {isa = PBXFileReference; lastKnownFileType = folder.assetcatalog; path = ALImage.xcassets; sourceTree = "<group>"; };
		A2C2DA3119AD763D0011BCBF /* 2.jpg */ = {isa = PBXFileReference; lastKnownFileType = image.jpeg; path = 2.jpg; sourceTree = "<group>"; };
		A2C2DA3219AD763D0011BCBF /* 1.jpg */ = {isa = PBXFileReference; lastKnownFileType = image.jpeg; path = 1.jpg; sourceTree = "<group>"; };
		A2C2DA3519AD76970011BCBF /* 3.jpg */ = {isa = PBXFileReference; lastKnownFileType = image.jpeg; path = 3.jpg; sourceTree = "<group>"; };
		D72AAB901998AA4E009EFBC0 /* ALMainViewController.h */ = {isa = PBXFileReference; fileEncoding = 4; lastKnownFileType = sourcecode.c.h; path = ALMainViewController.h; sourceTree = "<group>"; };
		D72AAB911998AA4E009EFBC0 /* ALMainViewController.m */ = {isa = PBXFileReference; fileEncoding = 4; lastKnownFileType = sourcecode.c.objc; path = ALMainViewController.m; sourceTree = "<group>"; };
		D72AABE81998B080009EFBC0 /* ALLeftViewController.h */ = {isa = PBXFileReference; fileEncoding = 4; lastKnownFileType = sourcecode.c.h; path = ALLeftViewController.h; sourceTree = "<group>"; };
		D72AABE91998B080009EFBC0 /* ALLeftViewController.m */ = {isa = PBXFileReference; fileEncoding = 4; lastKnownFileType = sourcecode.c.objc; path = ALLeftViewController.m; sourceTree = "<group>"; };
		D72AABED1998C468009EFBC0 /* ALDetailViewController.h */ = {isa = PBXFileReference; fileEncoding = 4; lastKnownFileType = sourcecode.c.h; path = ALDetailViewController.h; sourceTree = "<group>"; };
		D72AABEE1998C468009EFBC0 /* ALDetailViewController.m */ = {isa = PBXFileReference; fileEncoding = 4; lastKnownFileType = sourcecode.c.objc; path = ALDetailViewController.m; sourceTree = "<group>"; };
		D72AABF31998D004009EFBC0 /* bg_dowm.png */ = {isa = PBXFileReference; lastKnownFileType = image.png; path = bg_dowm.png; sourceTree = "<group>"; };
		D72AABF51998D004009EFBC0 /* btn_back.png */ = {isa = PBXFileReference; lastKnownFileType = image.png; path = btn_back.png; sourceTree = "<group>"; };
		D72AABF61998D004009EFBC0 /* btn_dowm@2x.png */ = {isa = PBXFileReference; lastKnownFileType = image.png; path = "btn_dowm@2x.png"; sourceTree = "<group>"; };
		D72AABF71998D004009EFBC0 /* btn_favorite.png */ = {isa = PBXFileReference; lastKnownFileType = image.png; path = btn_favorite.png; sourceTree = "<group>"; };
		D72AABF81998D004009EFBC0 /* btn_list.png */ = {isa = PBXFileReference; lastKnownFileType = image.png; path = btn_list.png; sourceTree = "<group>"; };
		D72AABF91998D004009EFBC0 /* btn_nav.png */ = {isa = PBXFileReference; lastKnownFileType = image.png; path = btn_nav.png; sourceTree = "<group>"; };
		D72AABFA1998D004009EFBC0 /* btn_right_fav.png */ = {isa = PBXFileReference; lastKnownFileType = image.png; path = btn_right_fav.png; sourceTree = "<group>"; };
		D72AABFB1998D004009EFBC0 /* btn_right_list.png */ = {isa = PBXFileReference; lastKnownFileType = image.png; path = btn_right_list.png; sourceTree = "<group>"; };
		D72AABFC1998D004009EFBC0 /* btn_right_share.png */ = {isa = PBXFileReference; lastKnownFileType = image.png; path = btn_right_share.png; sourceTree = "<group>"; };
		D72AABFD1998D004009EFBC0 /* btn_search.png */ = {isa = PBXFileReference; lastKnownFileType = image.png; path = btn_search.png; sourceTree = "<group>"; };
		D72AABFE1998D004009EFBC0 /* btn_setting.png */ = {isa = PBXFileReference; lastKnownFileType = image.png; path = btn_setting.png; sourceTree = "<group>"; };
		D72AABFF1998D004009EFBC0 /* btn_up@2x.png */ = {isa = PBXFileReference; lastKnownFileType = image.png; path = "btn_up@2x.png"; sourceTree = "<group>"; };
		D72AAC001998D004009EFBC0 /* pic_default@2x.png */ = {isa = PBXFileReference; lastKnownFileType = image.png; path = "pic_default@2x.png"; sourceTree = "<group>"; };
		D72AAC191998D417009EFBC0 /* ALGoodsListViewController.h */ = {isa = PBXFileReference; fileEncoding = 4; lastKnownFileType = sourcecode.c.h; path = ALGoodsListViewController.h; sourceTree = "<group>"; };
		D72AAC1A1998D417009EFBC0 /* ALGoodsListViewController.m */ = {isa = PBXFileReference; fileEncoding = 4; lastKnownFileType = sourcecode.c.objc; path = ALGoodsListViewController.m; sourceTree = "<group>"; };
		D7827BF0199DB6A600E17926 /* CoreBluetooth.framework */ = {isa = PBXFileReference; lastKnownFileType = wrapper.framework; name = CoreBluetooth.framework; path = System/Library/Frameworks/CoreBluetooth.framework; sourceTree = SDKROOT; };
		D7827BF2199DB6B400E17926 /* CoreLocation.framework */ = {isa = PBXFileReference; lastKnownFileType = wrapper.framework; name = CoreLocation.framework; path = System/Library/Frameworks/CoreLocation.framework; sourceTree = SDKROOT; };
		D7827BF4199DB73100E17926 /* APLDefaults.h */ = {isa = PBXFileReference; fileEncoding = 4; lastKnownFileType = sourcecode.c.h; path = APLDefaults.h; sourceTree = "<group>"; };
		D7827BF5199DB73100E17926 /* APLDefaults.m */ = {isa = PBXFileReference; fileEncoding = 4; lastKnownFileType = sourcecode.c.objc; path = APLDefaults.m; sourceTree = "<group>"; };
		D7827BF7199DD15300E17926 /* ALLocateViewController.h */ = {isa = PBXFileReference; fileEncoding = 4; lastKnownFileType = sourcecode.c.h; path = ALLocateViewController.h; sourceTree = "<group>"; };
		D7827BF8199DD15300E17926 /* ALLocateViewController.m */ = {isa = PBXFileReference; fileEncoding = 4; lastKnownFileType = sourcecode.c.objc; path = ALLocateViewController.m; sourceTree = "<group>"; };
		D7827BFE199DF42E00E17926 /* UUIDPlist.plist */ = {isa = PBXFileReference; fileEncoding = 4; lastKnownFileType = text.plist.xml; path = UUIDPlist.plist; sourceTree = "<group>"; };
		D7BB2EBC199AF95400F03CCD /* ibeacon搜索.jpg */ = {isa = PBXFileReference; lastKnownFileType = image.jpeg; path = "ibeacon搜索.jpg"; sourceTree = "<group>"; };
		D7BB2EC6199B553000F03CCD /* 店铺缩略图.png */ = {isa = PBXFileReference; lastKnownFileType = image.png; path = "店铺缩略图.png"; sourceTree = "<group>"; };
		D7BB2EC8199B553500F03CCD /* 店铺弹出消息.png */ = {isa = PBXFileReference; lastKnownFileType = image.png; path = "店铺弹出消息.png"; sourceTree = "<group>"; };
		D7BB2ECF199B736700F03CCD /* ALGoodsListTableViewCell.h */ = {isa = PBXFileReference; fileEncoding = 4; lastKnownFileType = sourcecode.c.h; path = ALGoodsListTableViewCell.h; sourceTree = "<group>"; };
		D7BB2ED0199B736700F03CCD /* ALGoodsListTableViewCell.m */ = {isa = PBXFileReference; fileEncoding = 4; lastKnownFileType = sourcecode.c.objc; path = ALGoodsListTableViewCell.m; sourceTree = "<group>"; };
		D7D483CD199C461000223DF1 /* ALGoodsListTableViewCell.xib */ = {isa = PBXFileReference; fileEncoding = 4; lastKnownFileType = file.xib; path = ALGoodsListTableViewCell.xib; sourceTree = "<group>"; };
		D7D483D1199C53EA00223DF1 /* 1.png */ = {isa = PBXFileReference; lastKnownFileType = image.png; path = 1.png; sourceTree = "<group>"; };
		D7D483D6199C591B00223DF1 /* CycleScrollView.h */ = {isa = PBXFileReference; fileEncoding = 4; lastKnownFileType = sourcecode.c.h; path = CycleScrollView.h; sourceTree = "<group>"; };
		D7D483D7199C591B00223DF1 /* CycleScrollView.m */ = {isa = PBXFileReference; fileEncoding = 4; lastKnownFileType = sourcecode.c.objc; path = CycleScrollView.m; sourceTree = "<group>"; };
		D7D483DD199C60F200223DF1 /* image1.png */ = {isa = PBXFileReference; lastKnownFileType = image.png; path = image1.png; sourceTree = "<group>"; };
		D7D483DE199C60F200223DF1 /* image2.png */ = {isa = PBXFileReference; lastKnownFileType = image.png; path = image2.png; sourceTree = "<group>"; };
		D7D483E6199C7B1C00223DF1 /* UIViewExt.h */ = {isa = PBXFileReference; fileEncoding = 4; lastKnownFileType = sourcecode.c.h; path = UIViewExt.h; sourceTree = "<group>"; };
		D7D483E7199C7B1C00223DF1 /* UIViewExt.m */ = {isa = PBXFileReference; fileEncoding = 4; lastKnownFileType = sourcecode.c.objc; path = UIViewExt.m; sourceTree = "<group>"; };
		D7D483EA199C7F8E00223DF1 /* ALSettingViewController.h */ = {isa = PBXFileReference; fileEncoding = 4; lastKnownFileType = sourcecode.c.h; path = ALSettingViewController.h; sourceTree = "<group>"; };
		D7D483EB199C7F8E00223DF1 /* ALSettingViewController.m */ = {isa = PBXFileReference; fileEncoding = 4; lastKnownFileType = sourcecode.c.objc; path = ALSettingViewController.m; sourceTree = "<group>"; };
		D7D483ED199C98BC00223DF1 /* NSTimer+Addition.h */ = {isa = PBXFileReference; fileEncoding = 4; lastKnownFileType = sourcecode.c.h; path = "NSTimer+Addition.h"; sourceTree = "<group>"; };
		D7D483EE199C98BC00223DF1 /* NSTimer+Addition.m */ = {isa = PBXFileReference; fileEncoding = 4; lastKnownFileType = sourcecode.c.objc; path = "NSTimer+Addition.m"; sourceTree = "<group>"; };
		D7D483F0199CAB2E00223DF1 /* ALCollectViewController.h */ = {isa = PBXFileReference; fileEncoding = 4; lastKnownFileType = sourcecode.c.h; path = ALCollectViewController.h; sourceTree = "<group>"; };
		D7D483F1199CAB2E00223DF1 /* ALCollectViewController.m */ = {isa = PBXFileReference; fileEncoding = 4; lastKnownFileType = sourcecode.c.objc; path = ALCollectViewController.m; sourceTree = "<group>"; };
		D7D483F6199CB04100223DF1 /* ALCollectViewCell.xib */ = {isa = PBXFileReference; fileEncoding = 4; lastKnownFileType = file.xib; path = ALCollectViewCell.xib; sourceTree = "<group>"; };
		D7D483F8199CB66000223DF1 /* ALCollectViewCell.h */ = {isa = PBXFileReference; fileEncoding = 4; lastKnownFileType = sourcecode.c.h; path = ALCollectViewCell.h; sourceTree = "<group>"; };
		D7D483F9199CB66000223DF1 /* ALCollectViewCell.m */ = {isa = PBXFileReference; fileEncoding = 4; lastKnownFileType = sourcecode.c.objc; path = ALCollectViewCell.m; sourceTree = "<group>"; };
<<<<<<< HEAD
		D7E6A137199A143600E40536 /* 3.jpg */ = {isa = PBXFileReference; lastKnownFileType = image.jpeg; path = 3.jpg; sourceTree = "<group>"; };
=======
		D7E6A1341999D9E200E40536 /* ALToolBarView.h */ = {isa = PBXFileReference; fileEncoding = 4; lastKnownFileType = sourcecode.c.h; path = ALToolBarView.h; sourceTree = "<group>"; };
		D7E6A1351999D9E200E40536 /* ALToolBarView.m */ = {isa = PBXFileReference; fileEncoding = 4; lastKnownFileType = sourcecode.c.objc; path = ALToolBarView.m; sourceTree = "<group>"; };
>>>>>>> FETCH_HEAD
/* End PBXFileReference section */

/* Begin PBXFrameworksBuildPhase section */
		A28740741998A30400DC9655 /* Frameworks */ = {
			isa = PBXFrameworksBuildPhase;
			buildActionMask = 2147483647;
			files = (
				D7827BF3199DB6B400E17926 /* CoreLocation.framework in Frameworks */,
				D7827BF1199DB6A600E17926 /* CoreBluetooth.framework in Frameworks */,
				A287407D1998A30500DC9655 /* CoreGraphics.framework in Frameworks */,
				A287407F1998A30500DC9655 /* UIKit.framework in Frameworks */,
				A287407B1998A30400DC9655 /* Foundation.framework in Frameworks */,
			);
			runOnlyForDeploymentPostprocessing = 0;
		};
		A28740951998A30500DC9655 /* Frameworks */ = {
			isa = PBXFrameworksBuildPhase;
			buildActionMask = 2147483647;
			files = (
				A287409A1998A30500DC9655 /* XCTest.framework in Frameworks */,
				A287409C1998A30500DC9655 /* UIKit.framework in Frameworks */,
				A287409B1998A30500DC9655 /* Foundation.framework in Frameworks */,
			);
			runOnlyForDeploymentPostprocessing = 0;
		};
/* End PBXFrameworksBuildPhase section */

/* Begin PBXGroup section */
		A287406E1998A30400DC9655 = {
			isa = PBXGroup;
			children = (
				A28740801998A30500DC9655 /* AppLocate */,
				A287409F1998A30500DC9655 /* AppLocateTests */,
				A28740791998A30400DC9655 /* Frameworks */,
				A28740781998A30400DC9655 /* Products */,
			);
			sourceTree = "<group>";
		};
		A28740781998A30400DC9655 /* Products */ = {
			isa = PBXGroup;
			children = (
				A28740771998A30400DC9655 /* AppLocate.app */,
				A28740981998A30500DC9655 /* AppLocateTests.xctest */,
			);
			name = Products;
			sourceTree = "<group>";
		};
		A28740791998A30400DC9655 /* Frameworks */ = {
			isa = PBXGroup;
			children = (
				D7827BF2199DB6B400E17926 /* CoreLocation.framework */,
				D7827BF0199DB6A600E17926 /* CoreBluetooth.framework */,
				A287407A1998A30400DC9655 /* Foundation.framework */,
				A287407C1998A30500DC9655 /* CoreGraphics.framework */,
				A287407E1998A30500DC9655 /* UIKit.framework */,
				A28740991998A30500DC9655 /* XCTest.framework */,
			);
			name = Frameworks;
			sourceTree = "<group>";
		};
		A28740801998A30500DC9655 /* AppLocate */ = {
			isa = PBXGroup;
			children = (
				A2C2DA2D19AD74150011BCBF /* icon.png */,
				D72AABF21998D004009EFBC0 /* Images */,
				A28740AF1998A37700DC9655 /* Datas */,
				D7D483E5199C7B0B00223DF1 /* Globals */,
				D7D483D4199C569900223DF1 /* ThirdParts */,
				A28740B21998A37700DC9655 /* Models */,
				A28740B41998A37700DC9655 /* ViewControllers */,
				D7E6A1331999D97000E40536 /* Views */,
				A28740811998A30500DC9655 /* Supporting Files */,
			);
			path = AppLocate;
			sourceTree = "<group>";
		};
		A28740811998A30500DC9655 /* Supporting Files */ = {
			isa = PBXGroup;
			children = (
				A28740891998A30500DC9655 /* ALAppDelegate.h */,
				A287408A1998A30500DC9655 /* ALAppDelegate.m */,
				A287408C1998A30500DC9655 /* Main.storyboard */,
				A2C2DA2F19AD745A0011BCBF /* ALImage.xcassets */,
				A28740821998A30500DC9655 /* AppLocate-Info.plist */,
				A28740831998A30500DC9655 /* InfoPlist.strings */,
				A28740861998A30500DC9655 /* main.m */,
				A28740881998A30500DC9655 /* AppLocate-Prefix.pch */,
			);
			name = "Supporting Files";
			sourceTree = "<group>";
		};
		A287409F1998A30500DC9655 /* AppLocateTests */ = {
			isa = PBXGroup;
			children = (
				A28740A51998A30500DC9655 /* AppLocateTests.m */,
				A28740A01998A30500DC9655 /* Supporting Files */,
			);
			path = AppLocateTests;
			sourceTree = "<group>";
		};
		A28740A01998A30500DC9655 /* Supporting Files */ = {
			isa = PBXGroup;
			children = (
				A28740A11998A30500DC9655 /* AppLocateTests-Info.plist */,
				A28740A21998A30500DC9655 /* InfoPlist.strings */,
			);
			name = "Supporting Files";
			sourceTree = "<group>";
		};
		A28740AF1998A37700DC9655 /* Datas */ = {
			isa = PBXGroup;
			children = (
			);
			path = Datas;
			sourceTree = "<group>";
		};
		A28740B21998A37700DC9655 /* Models */ = {
			isa = PBXGroup;
			children = (
				A28740B91998A3C000DC9655 /* ALBaseModel.h */,
				A28740BA1998A3C000DC9655 /* ALBaseModel.m */,
			);
			path = Models;
			sourceTree = "<group>";
		};
		A28740B41998A37700DC9655 /* ViewControllers */ = {
			isa = PBXGroup;
			children = (
				A28740B61998A39200DC9655 /* ALBaseViewController.h */,
				A28740B71998A39200DC9655 /* ALBaseViewController.m */,
				D72AAB901998AA4E009EFBC0 /* ALMainViewController.h */,
				D72AAB911998AA4E009EFBC0 /* ALMainViewController.m */,
				D72AABE81998B080009EFBC0 /* ALLeftViewController.h */,
				D72AABE91998B080009EFBC0 /* ALLeftViewController.m */,
				D72AABED1998C468009EFBC0 /* ALDetailViewController.h */,
				D72AABEE1998C468009EFBC0 /* ALDetailViewController.m */,
				D72AAC191998D417009EFBC0 /* ALGoodsListViewController.h */,
				D72AAC1A1998D417009EFBC0 /* ALGoodsListViewController.m */,
				D7D483EA199C7F8E00223DF1 /* ALSettingViewController.h */,
				D7D483EB199C7F8E00223DF1 /* ALSettingViewController.m */,
				D7D483F0199CAB2E00223DF1 /* ALCollectViewController.h */,
				D7D483F1199CAB2E00223DF1 /* ALCollectViewController.m */,
				D7827BF7199DD15300E17926 /* ALLocateViewController.h */,
				D7827BF8199DD15300E17926 /* ALLocateViewController.m */,
				D7827BFE199DF42E00E17926 /* UUIDPlist.plist */,
			);
			path = ViewControllers;
			sourceTree = "<group>";
		};
		D72AABF21998D004009EFBC0 /* Images */ = {
			isa = PBXGroup;
			children = (
				D72AAC141998D331009EFBC0 /* TempImages */,
				D72AABF31998D004009EFBC0 /* bg_dowm.png */,
				D72AABF51998D004009EFBC0 /* btn_back.png */,
				D72AABF61998D004009EFBC0 /* btn_dowm@2x.png */,
				D72AABF71998D004009EFBC0 /* btn_favorite.png */,
				D72AABF81998D004009EFBC0 /* btn_list.png */,
				D72AABF91998D004009EFBC0 /* btn_nav.png */,
				D72AABFA1998D004009EFBC0 /* btn_right_fav.png */,
				D72AABFB1998D004009EFBC0 /* btn_right_list.png */,
				D72AABFC1998D004009EFBC0 /* btn_right_share.png */,
				D72AABFD1998D004009EFBC0 /* btn_search.png */,
				D72AABFE1998D004009EFBC0 /* btn_setting.png */,
				D72AABFF1998D004009EFBC0 /* btn_up@2x.png */,
				D72AAC001998D004009EFBC0 /* pic_default@2x.png */,
			);
			path = Images;
			sourceTree = "<group>";
		};
		D72AAC141998D331009EFBC0 /* TempImages */ = {
			isa = PBXGroup;
			children = (
				D7D483DD199C60F200223DF1 /* image1.png */,
				D7D483DE199C60F200223DF1 /* image2.png */,
				D7D483D1199C53EA00223DF1 /* 1.png */,
				D7BB2EC8199B553500F03CCD /* 店铺弹出消息.png */,
				D7BB2EC6199B553000F03CCD /* 店铺缩略图.png */,
				D7BB2EBC199AF95400F03CCD /* ibeacon搜索.jpg */,
				A2C2DA3119AD763D0011BCBF /* 2.jpg */,
				A2C2DA3519AD76970011BCBF /* 3.jpg */,
				A2C2DA3219AD763D0011BCBF /* 1.jpg */,
			);
			path = TempImages;
			sourceTree = "<group>";
		};
		D7D483D4199C569900223DF1 /* ThirdParts */ = {
			isa = PBXGroup;
			children = (
				D7D483D5199C591B00223DF1 /* CycleScrollView */,
			);
			path = ThirdParts;
			sourceTree = "<group>";
		};
		D7D483D5199C591B00223DF1 /* CycleScrollView */ = {
			isa = PBXGroup;
			children = (
				D7D483ED199C98BC00223DF1 /* NSTimer+Addition.h */,
				D7D483EE199C98BC00223DF1 /* NSTimer+Addition.m */,
				D7D483D6199C591B00223DF1 /* CycleScrollView.h */,
				D7D483D7199C591B00223DF1 /* CycleScrollView.m */,
			);
			path = CycleScrollView;
			sourceTree = "<group>";
		};
		D7D483E5199C7B0B00223DF1 /* Globals */ = {
			isa = PBXGroup;
			children = (
				D7827BF4199DB73100E17926 /* APLDefaults.h */,
				D7827BF5199DB73100E17926 /* APLDefaults.m */,
				D7D483E6199C7B1C00223DF1 /* UIViewExt.h */,
				D7D483E7199C7B1C00223DF1 /* UIViewExt.m */,
			);
			path = Globals;
			sourceTree = "<group>";
		};
		D7E6A1331999D97000E40536 /* Views */ = {
			isa = PBXGroup;
			children = (
				D7BB2ECF199B736700F03CCD /* ALGoodsListTableViewCell.h */,
				D7BB2ED0199B736700F03CCD /* ALGoodsListTableViewCell.m */,
				D7D483CD199C461000223DF1 /* ALGoodsListTableViewCell.xib */,
				D7D483F8199CB66000223DF1 /* ALCollectViewCell.h */,
				D7D483F9199CB66000223DF1 /* ALCollectViewCell.m */,
				D7D483F6199CB04100223DF1 /* ALCollectViewCell.xib */,
			);
			path = Views;
			sourceTree = "<group>";
		};
/* End PBXGroup section */

/* Begin PBXNativeTarget section */
		A28740761998A30400DC9655 /* AppLocate */ = {
			isa = PBXNativeTarget;
			buildConfigurationList = A28740A91998A30500DC9655 /* Build configuration list for PBXNativeTarget "AppLocate" */;
			buildPhases = (
				A28740731998A30400DC9655 /* Sources */,
				A28740741998A30400DC9655 /* Frameworks */,
				A28740751998A30400DC9655 /* Resources */,
			);
			buildRules = (
			);
			dependencies = (
			);
			name = AppLocate;
			productName = AppLocate;
			productReference = A28740771998A30400DC9655 /* AppLocate.app */;
			productType = "com.apple.product-type.application";
		};
		A28740971998A30500DC9655 /* AppLocateTests */ = {
			isa = PBXNativeTarget;
			buildConfigurationList = A28740AC1998A30500DC9655 /* Build configuration list for PBXNativeTarget "AppLocateTests" */;
			buildPhases = (
				A28740941998A30500DC9655 /* Sources */,
				A28740951998A30500DC9655 /* Frameworks */,
				A28740961998A30500DC9655 /* Resources */,
			);
			buildRules = (
			);
			dependencies = (
				A287409E1998A30500DC9655 /* PBXTargetDependency */,
			);
			name = AppLocateTests;
			productName = AppLocateTests;
			productReference = A28740981998A30500DC9655 /* AppLocateTests.xctest */;
			productType = "com.apple.product-type.bundle.unit-test";
		};
/* End PBXNativeTarget section */

/* Begin PBXProject section */
		A287406F1998A30400DC9655 /* Project object */ = {
			isa = PBXProject;
			attributes = {
				CLASSPREFIX = AL;
				LastUpgradeCheck = 0510;
				ORGANIZATIONNAME = Vencoo;
				TargetAttributes = {
					A28740761998A30400DC9655 = {
						DevelopmentTeam = W64H86P59A;
					};
					A28740971998A30500DC9655 = {
						TestTargetID = A28740761998A30400DC9655;
					};
				};
			};
			buildConfigurationList = A28740721998A30400DC9655 /* Build configuration list for PBXProject "AppLocate" */;
			compatibilityVersion = "Xcode 3.2";
			developmentRegion = English;
			hasScannedForEncodings = 0;
			knownRegions = (
				en,
				Base,
			);
			mainGroup = A287406E1998A30400DC9655;
			productRefGroup = A28740781998A30400DC9655 /* Products */;
			projectDirPath = "";
			projectRoot = "";
			targets = (
				A28740761998A30400DC9655 /* AppLocate */,
				A28740971998A30500DC9655 /* AppLocateTests */,
			);
		};
/* End PBXProject section */

/* Begin PBXResourcesBuildPhase section */
		A28740751998A30400DC9655 /* Resources */ = {
			isa = PBXResourcesBuildPhase;
			buildActionMask = 2147483647;
			files = (
				D7827BFF199DF42E00E17926 /* UUIDPlist.plist in Resources */,
				D7BB2EC9199B553500F03CCD /* 店铺弹出消息.png in Resources */,
				D72AAC0D1998D004009EFBC0 /* btn_right_share.png in Resources */,
				D72AAC071998D004009EFBC0 /* btn_dowm@2x.png in Resources */,
				D72AAC041998D004009EFBC0 /* bg_dowm.png in Resources */,
				D7BB2EC7199B553000F03CCD /* 店铺缩略图.png in Resources */,
				A2C2DA2E19AD74150011BCBF /* icon.png in Resources */,
				D72AAC101998D004009EFBC0 /* btn_up@2x.png in Resources */,
				D7D483D2199C53EA00223DF1 /* 1.png in Resources */,
				D72AAC0A1998D004009EFBC0 /* btn_nav.png in Resources */,
				D7BB2EBD199AF95400F03CCD /* ibeacon搜索.jpg in Resources */,
				A2C2DA3019AD745A0011BCBF /* ALImage.xcassets in Resources */,
				A2C2DA3319AD763D0011BCBF /* 2.jpg in Resources */,
				A2C2DA3419AD763D0011BCBF /* 1.jpg in Resources */,
				A28740851998A30500DC9655 /* InfoPlist.strings in Resources */,
				D72AAC091998D004009EFBC0 /* btn_list.png in Resources */,
				D72AAC0B1998D004009EFBC0 /* btn_right_fav.png in Resources */,
				A287408E1998A30500DC9655 /* Main.storyboard in Resources */,
				D7D483E0199C60F200223DF1 /* image2.png in Resources */,
				D7D483DF199C60F200223DF1 /* image1.png in Resources */,
				A2C2DA3619AD76970011BCBF /* 3.jpg in Resources */,
				D72AAC0E1998D004009EFBC0 /* btn_search.png in Resources */,
				D72AAC0F1998D004009EFBC0 /* btn_setting.png in Resources */,
				D72AAC0C1998D004009EFBC0 /* btn_right_list.png in Resources */,
				D7D483F7199CB04100223DF1 /* ALCollectViewCell.xib in Resources */,
				D72AAC111998D004009EFBC0 /* pic_default@2x.png in Resources */,
				D72AAC081998D004009EFBC0 /* btn_favorite.png in Resources */,
				D72AAC061998D004009EFBC0 /* btn_back.png in Resources */,
				D7D483CE199C461000223DF1 /* ALGoodsListTableViewCell.xib in Resources */,
			);
			runOnlyForDeploymentPostprocessing = 0;
		};
		A28740961998A30500DC9655 /* Resources */ = {
			isa = PBXResourcesBuildPhase;
			buildActionMask = 2147483647;
			files = (
				A28740A41998A30500DC9655 /* InfoPlist.strings in Resources */,
			);
			runOnlyForDeploymentPostprocessing = 0;
		};
/* End PBXResourcesBuildPhase section */

/* Begin PBXSourcesBuildPhase section */
		A28740731998A30400DC9655 /* Sources */ = {
			isa = PBXSourcesBuildPhase;
			buildActionMask = 2147483647;
			files = (
				D7D483F2199CAB2E00223DF1 /* ALCollectViewController.m in Sources */,
				D7827BF9199DD15300E17926 /* ALLocateViewController.m in Sources */,
				D72AABEA1998B080009EFBC0 /* ALLeftViewController.m in Sources */,
				A28740871998A30500DC9655 /* main.m in Sources */,
				D7BB2ED1199B736700F03CCD /* ALGoodsListTableViewCell.m in Sources */,
				D7D483E8199C7B1C00223DF1 /* UIViewExt.m in Sources */,
				D7D483EC199C7F8E00223DF1 /* ALSettingViewController.m in Sources */,
				D7D483EF199C98BC00223DF1 /* NSTimer+Addition.m in Sources */,
				D72AAC1B1998D417009EFBC0 /* ALGoodsListViewController.m in Sources */,
				D72AABEF1998C468009EFBC0 /* ALDetailViewController.m in Sources */,
				A28740BB1998A3C000DC9655 /* ALBaseModel.m in Sources */,
				D7827BF6199DB73100E17926 /* APLDefaults.m in Sources */,
				D72AAB921998AA4E009EFBC0 /* ALMainViewController.m in Sources */,
				D7D483FA199CB66000223DF1 /* ALCollectViewCell.m in Sources */,
				D7D483D8199C591B00223DF1 /* CycleScrollView.m in Sources */,
				A28740B81998A39200DC9655 /* ALBaseViewController.m in Sources */,
				A287408B1998A30500DC9655 /* ALAppDelegate.m in Sources */,
			);
			runOnlyForDeploymentPostprocessing = 0;
		};
		A28740941998A30500DC9655 /* Sources */ = {
			isa = PBXSourcesBuildPhase;
			buildActionMask = 2147483647;
			files = (
				A28740A61998A30500DC9655 /* AppLocateTests.m in Sources */,
			);
			runOnlyForDeploymentPostprocessing = 0;
		};
/* End PBXSourcesBuildPhase section */

/* Begin PBXTargetDependency section */
		A287409E1998A30500DC9655 /* PBXTargetDependency */ = {
			isa = PBXTargetDependency;
			target = A28740761998A30400DC9655 /* AppLocate */;
			targetProxy = A287409D1998A30500DC9655 /* PBXContainerItemProxy */;
		};
/* End PBXTargetDependency section */

/* Begin PBXVariantGroup section */
		A28740831998A30500DC9655 /* InfoPlist.strings */ = {
			isa = PBXVariantGroup;
			children = (
				A28740841998A30500DC9655 /* en */,
			);
			name = InfoPlist.strings;
			sourceTree = "<group>";
		};
		A287408C1998A30500DC9655 /* Main.storyboard */ = {
			isa = PBXVariantGroup;
			children = (
				A287408D1998A30500DC9655 /* Base */,
			);
			name = Main.storyboard;
			sourceTree = "<group>";
		};
		A28740A21998A30500DC9655 /* InfoPlist.strings */ = {
			isa = PBXVariantGroup;
			children = (
				A28740A31998A30500DC9655 /* en */,
			);
			name = InfoPlist.strings;
			sourceTree = "<group>";
		};
/* End PBXVariantGroup section */

/* Begin XCBuildConfiguration section */
		A28740A71998A30500DC9655 /* Debug */ = {
			isa = XCBuildConfiguration;
			buildSettings = {
				ALWAYS_SEARCH_USER_PATHS = NO;
				CLANG_CXX_LANGUAGE_STANDARD = "gnu++0x";
				CLANG_CXX_LIBRARY = "libc++";
				CLANG_ENABLE_MODULES = YES;
				CLANG_ENABLE_OBJC_ARC = YES;
				CLANG_WARN_BOOL_CONVERSION = YES;
				CLANG_WARN_CONSTANT_CONVERSION = YES;
				CLANG_WARN_DIRECT_OBJC_ISA_USAGE = YES_ERROR;
				CLANG_WARN_EMPTY_BODY = YES;
				CLANG_WARN_ENUM_CONVERSION = YES;
				CLANG_WARN_INT_CONVERSION = YES;
				CLANG_WARN_OBJC_ROOT_CLASS = YES_ERROR;
				CLANG_WARN__DUPLICATE_METHOD_MATCH = YES;
				"CODE_SIGN_IDENTITY[sdk=iphoneos*]" = "iPhone Developer";
				COPY_PHASE_STRIP = NO;
				GCC_C_LANGUAGE_STANDARD = gnu99;
				GCC_DYNAMIC_NO_PIC = NO;
				GCC_OPTIMIZATION_LEVEL = 0;
				GCC_PREPROCESSOR_DEFINITIONS = (
					"DEBUG=1",
					"$(inherited)",
				);
				GCC_SYMBOLS_PRIVATE_EXTERN = NO;
				GCC_WARN_64_TO_32_BIT_CONVERSION = YES;
				GCC_WARN_ABOUT_RETURN_TYPE = YES_ERROR;
				GCC_WARN_UNDECLARED_SELECTOR = YES;
				GCC_WARN_UNINITIALIZED_AUTOS = YES_AGGRESSIVE;
				GCC_WARN_UNUSED_FUNCTION = YES;
				GCC_WARN_UNUSED_VARIABLE = YES;
				IPHONEOS_DEPLOYMENT_TARGET = 6.0;
				ONLY_ACTIVE_ARCH = YES;
				SDKROOT = iphoneos;
			};
			name = Debug;
		};
		A28740A81998A30500DC9655 /* Release */ = {
			isa = XCBuildConfiguration;
			buildSettings = {
				ALWAYS_SEARCH_USER_PATHS = NO;
				CLANG_CXX_LANGUAGE_STANDARD = "gnu++0x";
				CLANG_CXX_LIBRARY = "libc++";
				CLANG_ENABLE_MODULES = YES;
				CLANG_ENABLE_OBJC_ARC = YES;
				CLANG_WARN_BOOL_CONVERSION = YES;
				CLANG_WARN_CONSTANT_CONVERSION = YES;
				CLANG_WARN_DIRECT_OBJC_ISA_USAGE = YES_ERROR;
				CLANG_WARN_EMPTY_BODY = YES;
				CLANG_WARN_ENUM_CONVERSION = YES;
				CLANG_WARN_INT_CONVERSION = YES;
				CLANG_WARN_OBJC_ROOT_CLASS = YES_ERROR;
				CLANG_WARN__DUPLICATE_METHOD_MATCH = YES;
				"CODE_SIGN_IDENTITY[sdk=iphoneos*]" = "iPhone Developer";
				COPY_PHASE_STRIP = YES;
				ENABLE_NS_ASSERTIONS = NO;
				GCC_C_LANGUAGE_STANDARD = gnu99;
				GCC_WARN_64_TO_32_BIT_CONVERSION = YES;
				GCC_WARN_ABOUT_RETURN_TYPE = YES_ERROR;
				GCC_WARN_UNDECLARED_SELECTOR = YES;
				GCC_WARN_UNINITIALIZED_AUTOS = YES_AGGRESSIVE;
				GCC_WARN_UNUSED_FUNCTION = YES;
				GCC_WARN_UNUSED_VARIABLE = YES;
				IPHONEOS_DEPLOYMENT_TARGET = 6.0;
				SDKROOT = iphoneos;
				VALIDATE_PRODUCT = YES;
			};
			name = Release;
		};
		A28740AA1998A30500DC9655 /* Debug */ = {
			isa = XCBuildConfiguration;
			buildSettings = {
				ASSETCATALOG_COMPILER_APPICON_NAME = AppIcon;
				ASSETCATALOG_COMPILER_LAUNCHIMAGE_NAME = LaunchImage;
				CODE_SIGN_IDENTITY = "iPhone Developer";
				"CODE_SIGN_IDENTITY[sdk=iphoneos*]" = "iPhone Developer";
				GCC_PRECOMPILE_PREFIX_HEADER = YES;
				GCC_PREFIX_HEADER = "AppLocate/AppLocate-Prefix.pch";
				INFOPLIST_FILE = "AppLocate/AppLocate-Info.plist";
				IPHONEOS_DEPLOYMENT_TARGET = 7.1;
				PRODUCT_NAME = "$(TARGET_NAME)";
				PROVISIONING_PROFILE = "";
				TARGETED_DEVICE_FAMILY = 1;
				WRAPPER_EXTENSION = app;
			};
			name = Debug;
		};
		A28740AB1998A30500DC9655 /* Release */ = {
			isa = XCBuildConfiguration;
			buildSettings = {
				ASSETCATALOG_COMPILER_APPICON_NAME = AppIcon;
				ASSETCATALOG_COMPILER_LAUNCHIMAGE_NAME = LaunchImage;
				CODE_SIGN_IDENTITY = "iPhone Developer";
				"CODE_SIGN_IDENTITY[sdk=iphoneos*]" = "iPhone Developer";
				GCC_PRECOMPILE_PREFIX_HEADER = YES;
				GCC_PREFIX_HEADER = "AppLocate/AppLocate-Prefix.pch";
				INFOPLIST_FILE = "AppLocate/AppLocate-Info.plist";
				IPHONEOS_DEPLOYMENT_TARGET = 7.1;
				PRODUCT_NAME = "$(TARGET_NAME)";
				PROVISIONING_PROFILE = "";
				TARGETED_DEVICE_FAMILY = 1;
				WRAPPER_EXTENSION = app;
			};
			name = Release;
		};
		A28740AD1998A30500DC9655 /* Debug */ = {
			isa = XCBuildConfiguration;
			buildSettings = {
				BUNDLE_LOADER = "$(BUILT_PRODUCTS_DIR)/AppLocate.app/AppLocate";
				FRAMEWORK_SEARCH_PATHS = (
					"$(SDKROOT)/Developer/Library/Frameworks",
					"$(inherited)",
					"$(DEVELOPER_FRAMEWORKS_DIR)",
				);
				GCC_PRECOMPILE_PREFIX_HEADER = YES;
				GCC_PREFIX_HEADER = "AppLocate/AppLocate-Prefix.pch";
				GCC_PREPROCESSOR_DEFINITIONS = (
					"DEBUG=1",
					"$(inherited)",
				);
				INFOPLIST_FILE = "AppLocateTests/AppLocateTests-Info.plist";
				PRODUCT_NAME = "$(TARGET_NAME)";
				TEST_HOST = "$(BUNDLE_LOADER)";
				WRAPPER_EXTENSION = xctest;
			};
			name = Debug;
		};
		A28740AE1998A30500DC9655 /* Release */ = {
			isa = XCBuildConfiguration;
			buildSettings = {
				BUNDLE_LOADER = "$(BUILT_PRODUCTS_DIR)/AppLocate.app/AppLocate";
				FRAMEWORK_SEARCH_PATHS = (
					"$(SDKROOT)/Developer/Library/Frameworks",
					"$(inherited)",
					"$(DEVELOPER_FRAMEWORKS_DIR)",
				);
				GCC_PRECOMPILE_PREFIX_HEADER = YES;
				GCC_PREFIX_HEADER = "AppLocate/AppLocate-Prefix.pch";
				INFOPLIST_FILE = "AppLocateTests/AppLocateTests-Info.plist";
				PRODUCT_NAME = "$(TARGET_NAME)";
				TEST_HOST = "$(BUNDLE_LOADER)";
				WRAPPER_EXTENSION = xctest;
			};
			name = Release;
		};
/* End XCBuildConfiguration section */

/* Begin XCConfigurationList section */
		A28740721998A30400DC9655 /* Build configuration list for PBXProject "AppLocate" */ = {
			isa = XCConfigurationList;
			buildConfigurations = (
				A28740A71998A30500DC9655 /* Debug */,
				A28740A81998A30500DC9655 /* Release */,
			);
			defaultConfigurationIsVisible = 0;
			defaultConfigurationName = Release;
		};
		A28740A91998A30500DC9655 /* Build configuration list for PBXNativeTarget "AppLocate" */ = {
			isa = XCConfigurationList;
			buildConfigurations = (
				A28740AA1998A30500DC9655 /* Debug */,
				A28740AB1998A30500DC9655 /* Release */,
			);
			defaultConfigurationIsVisible = 0;
			defaultConfigurationName = Release;
		};
		A28740AC1998A30500DC9655 /* Build configuration list for PBXNativeTarget "AppLocateTests" */ = {
			isa = XCConfigurationList;
			buildConfigurations = (
				A28740AD1998A30500DC9655 /* Debug */,
				A28740AE1998A30500DC9655 /* Release */,
			);
			defaultConfigurationIsVisible = 0;
			defaultConfigurationName = Release;
		};
/* End XCConfigurationList section */
	};
	rootObject = A287406F1998A30400DC9655 /* Project object */;
}
